
Microsoft Visual Studio Solution File, Format Version 12.00
# Visual Studio Version 17
VisualStudioVersion = 17.10.35122.118
MinimumVisualStudioVersion = 10.0.40219.1
Project("{9A19103F-16F7-4668-BE54-9A1E7A4F7556}") = "Transfers.Web", "Transfers\Transfers.Web.csproj", "{137A5CD4-4496-4CFD-B1BA-4DD68F0CAFC9}"
EndProject
Project("{9A19103F-16F7-4668-BE54-9A1E7A4F7556}") = "Transfers.Domain", "Transfers.Domain\Transfers.Domain.csproj", "{AA490B07-24E0-43D2-867C-C456DC8AB5A3}"
EndProject
Project("{9A19103F-16F7-4668-BE54-9A1E7A4F7556}") = "Transfers.Application", "Transfers.Application\Transfers.Application.csproj", "{22637D75-46E1-473C-A686-8FA16C8033FD}"
EndProject
Project("{9A19103F-16F7-4668-BE54-9A1E7A4F7556}") = "Transfers.Infrastructure", "Transfers.Infrastructure\Transfers.Infrastructure.csproj", "{14FFBF90-0A64-4431-B665-D4EA0F1E636F}"
EndProject
Project("{FAE04EC0-301F-11D3-BF4B-00C04F79EFBC}") = "Transfers.Tests", "Transfers.Tests\Transfers.Tests.csproj", "{7963BA3F-7D37-4F99-AC21-806B075CE6A3}"
EndProject
Global
	GlobalSection(SolutionConfigurationPlatforms) = preSolution
		Debug|Any CPU = Debug|Any CPU
		Release|Any CPU = Release|Any CPU
	EndGlobalSection
	GlobalSection(ProjectConfigurationPlatforms) = postSolution
		{137A5CD4-4496-4CFD-B1BA-4DD68F0CAFC9}.Debug|Any CPU.ActiveCfg = Debug|Any CPU
		{137A5CD4-4496-4CFD-B1BA-4DD68F0CAFC9}.Debug|Any CPU.Build.0 = Debug|Any CPU
		{137A5CD4-4496-4CFD-B1BA-4DD68F0CAFC9}.Release|Any CPU.ActiveCfg = Release|Any CPU
		{137A5CD4-4496-4CFD-B1BA-4DD68F0CAFC9}.Release|Any CPU.Build.0 = Release|Any CPU
		{AA490B07-24E0-43D2-867C-C456DC8AB5A3}.Debug|Any CPU.ActiveCfg = Debug|Any CPU
		{AA490B07-24E0-43D2-867C-C456DC8AB5A3}.Debug|Any CPU.Build.0 = Debug|Any CPU
		{AA490B07-24E0-43D2-867C-C456DC8AB5A3}.Release|Any CPU.ActiveCfg = Release|Any CPU
		{AA490B07-24E0-43D2-867C-C456DC8AB5A3}.Release|Any CPU.Build.0 = Release|Any CPU
		{22637D75-46E1-473C-A686-8FA16C8033FD}.Debug|Any CPU.ActiveCfg = Debug|Any CPU
		{22637D75-46E1-473C-A686-8FA16C8033FD}.Debug|Any CPU.Build.0 = Debug|Any CPU
		{22637D75-46E1-473C-A686-8FA16C8033FD}.Release|Any CPU.ActiveCfg = Release|Any CPU
		{22637D75-46E1-473C-A686-8FA16C8033FD}.Release|Any CPU.Build.0 = Release|Any CPU
		{14FFBF90-0A64-4431-B665-D4EA0F1E636F}.Debug|Any CPU.ActiveCfg = Debug|Any CPU
		{14FFBF90-0A64-4431-B665-D4EA0F1E636F}.Debug|Any CPU.Build.0 = Debug|Any CPU
		{14FFBF90-0A64-4431-B665-D4EA0F1E636F}.Release|Any CPU.ActiveCfg = Release|Any CPU
		{14FFBF90-0A64-4431-B665-D4EA0F1E636F}.Release|Any CPU.Build.0 = Release|Any CPU
		{7963BA3F-7D37-4F99-AC21-806B075CE6A3}.Debug|Any CPU.ActiveCfg = Debug|Any CPU
		{7963BA3F-7D37-4F99-AC21-806B075CE6A3}.Debug|Any CPU.Build.0 = Debug|Any CPU
		{7963BA3F-7D37-4F99-AC21-806B075CE6A3}.Release|Any CPU.ActiveCfg = Release|Any CPU
		{7963BA3F-7D37-4F99-AC21-806B075CE6A3}.Release|Any CPU.Build.0 = Release|Any CPU
	EndGlobalSection
	GlobalSection(SolutionProperties) = preSolution
		HideSolutionNode = FALSE
	EndGlobalSection
	GlobalSection(ExtensibilityGlobals) = postSolution
		SolutionGuid = {17061403-B873-4CD4-8897-8806DC4A8D2D}
	EndGlobalSection
EndGlobal
